
Microsoft Visual Studio Solution File, Format Version 12.00
# Visual Studio Version 16
VisualStudioVersion = 16.0.30907.101
MinimumVisualStudioVersion = 10.0.40219.1
Project("{FAE04EC0-301F-11D3-BF4B-00C04F79EFBC}") = "HRD", "HRD.csproj", "{7F35C838-989A-4658-8692-D40D4537E600}"
EndProject
Global
	GlobalSection(SolutionConfigurationPlatforms) = preSolution
		Debug|Any CPU = Debug|Any CPU
		Release|Any CPU = Release|Any CPU
	EndGlobalSection
	GlobalSection(ProjectConfigurationPlatforms) = postSolution
		{7F35C838-989A-4658-8692-D40D4537E600}.Debug|Any CPU.ActiveCfg = Debug|Any CPU
		{7F35C838-989A-4658-8692-D40D4537E600}.Debug|Any CPU.Build.0 = Debug|Any CPU
		{7F35C838-989A-4658-8692-D40D4537E600}.Release|Any CPU.ActiveCfg = Release|Any CPU
		{7F35C838-989A-4658-8692-D40D4537E600}.Release|Any CPU.Build.0 = Release|Any CPU
	EndGlobalSection
	GlobalSection(SolutionProperties) = preSolution
		HideSolutionNode = FALSE
	EndGlobalSection
	GlobalSection(ExtensibilityGlobals) = postSolution
		SolutionGuid = {15D5B9BE-A790-4614-9B4F-5B9B98C17B02}
	EndGlobalSection
EndGlobal
